
Microsoft Visual Studio Solution File, Format Version 12.00
# Visual Studio 14
VisualStudioVersion = 14.0.25420.1
MinimumVisualStudioVersion = 10.0.40219.1
Project("{8BC9CEB8-8B4A-11D0-8D11-00A0C91BC942}") = "IndoorLocalization", "IndoorLocalization.vcxproj", "{045B3483-E78B-488E-961D-ACB9B62FCE94}"
EndProject
Project("{FAE04EC0-301F-11D3-BF4B-00C04F79EFBC}") = "label_maker", "..\label_maker\label_maker.csproj", "{325AD98C-061F-4C2B-9D46-55ABCD86E02F}"
EndProject
Global
	GlobalSection(SolutionConfigurationPlatforms) = preSolution
		Debug|Any CPU = Debug|Any CPU
		Debug|x64 = Debug|x64
		Debug|x86 = Debug|x86
		Release|Any CPU = Release|Any CPU
		Release|x64 = Release|x64
		Release|x86 = Release|x86
	EndGlobalSection
	GlobalSection(ProjectConfigurationPlatforms) = postSolution
		{045B3483-E78B-488E-961D-ACB9B62FCE94}.Debug|Any CPU.ActiveCfg = Debug|Win32
		{045B3483-E78B-488E-961D-ACB9B62FCE94}.Debug|x64.ActiveCfg = Debug|x64
		{045B3483-E78B-488E-961D-ACB9B62FCE94}.Debug|x64.Build.0 = Debug|x64
		{045B3483-E78B-488E-961D-ACB9B62FCE94}.Debug|x86.ActiveCfg = Debug|Win32
		{045B3483-E78B-488E-961D-ACB9B62FCE94}.Debug|x86.Build.0 = Debug|Win32
		{045B3483-E78B-488E-961D-ACB9B62FCE94}.Release|Any CPU.ActiveCfg = Release|Win32
		{045B3483-E78B-488E-961D-ACB9B62FCE94}.Release|x64.ActiveCfg = Release|x64
		{045B3483-E78B-488E-961D-ACB9B62FCE94}.Release|x64.Build.0 = Release|x64
		{045B3483-E78B-488E-961D-ACB9B62FCE94}.Release|x86.ActiveCfg = Release|Win32
		{045B3483-E78B-488E-961D-ACB9B62FCE94}.Release|x86.Build.0 = Release|Win32
		{325AD98C-061F-4C2B-9D46-55ABCD86E02F}.Debug|Any CPU.ActiveCfg = Debug|Any CPU
		{325AD98C-061F-4C2B-9D46-55ABCD86E02F}.Debug|Any CPU.Build.0 = Debug|Any CPU
		{325AD98C-061F-4C2B-9D46-55ABCD86E02F}.Debug|x64.ActiveCfg = Debug|Any CPU
		{325AD98C-061F-4C2B-9D46-55ABCD86E02F}.Debug|x64.Build.0 = Debug|Any CPU
		{325AD98C-061F-4C2B-9D46-55ABCD86E02F}.Debug|x86.ActiveCfg = Debug|Any CPU
		{325AD98C-061F-4C2B-9D46-55ABCD86E02F}.Debug|x86.Build.0 = Debug|Any CPU
		{325AD98C-061F-4C2B-9D46-55ABCD86E02F}.Release|Any CPU.ActiveCfg = Release|Any CPU
		{325AD98C-061F-4C2B-9D46-55ABCD86E02F}.Release|Any CPU.Build.0 = Release|Any CPU
		{325AD98C-061F-4C2B-9D46-55ABCD86E02F}.Release|x64.ActiveCfg = Release|Any CPU
		{325AD98C-061F-4C2B-9D46-55ABCD86E02F}.Release|x64.Build.0 = Release|Any CPU
		{325AD98C-061F-4C2B-9D46-55ABCD86E02F}.Release|x86.ActiveCfg = Release|Any CPU
		{325AD98C-061F-4C2B-9D46-55ABCD86E02F}.Release|x86.Build.0 = Release|Any CPU
	EndGlobalSection
	GlobalSection(SolutionProperties) = preSolution
		HideSolutionNode = FALSE
	EndGlobalSection
EndGlobal
